
Microsoft Visual Studio Solution File, Format Version 12.00
# Visual Studio Version 17
VisualStudioVersion = 17.5.002.0
MinimumVisualStudioVersion = 10.0.40219.1
Project("{9A19103F-16F7-4668-BE54-9A1E7A4F7556}") = "AspNetCoreToDo", "AspNetCoreToDo.csproj", "{98F92BEF-8A5F-40AD-AAE7-ACB5928BE898}"
EndProject
Global
	GlobalSection(SolutionConfigurationPlatforms) = preSolution
		Debug|Any CPU = Debug|Any CPU
		Release|Any CPU = Release|Any CPU
	EndGlobalSection
	GlobalSection(ProjectConfigurationPlatforms) = postSolution
		{98F92BEF-8A5F-40AD-AAE7-ACB5928BE898}.Debug|Any CPU.ActiveCfg = Debug|Any CPU
		{98F92BEF-8A5F-40AD-AAE7-ACB5928BE898}.Debug|Any CPU.Build.0 = Debug|Any CPU
		{98F92BEF-8A5F-40AD-AAE7-ACB5928BE898}.Release|Any CPU.ActiveCfg = Release|Any CPU
		{98F92BEF-8A5F-40AD-AAE7-ACB5928BE898}.Release|Any CPU.Build.0 = Release|Any CPU
	EndGlobalSection
	GlobalSection(SolutionProperties) = preSolution
		HideSolutionNode = FALSE
	EndGlobalSection
	GlobalSection(ExtensibilityGlobals) = postSolution
		SolutionGuid = {F99563C0-DA36-4E9F-8506-9499A31FD2F4}
	EndGlobalSection
EndGlobal
